// !$*UTF8*$!
{
	archiveVersion = 1;
	classes = {
	};
	objectVersion = 46;
	objects = {

/* Begin PBXBuildFile section */
		F01407651A1BAB9C0036A69A /* main.m in Sources */ = {isa = PBXBuildFile; fileRef = F01407641A1BAB9C0036A69A /* main.m */; };
		F01407681A1BAB9C0036A69A /* AppDelegate.mm in Sources */ = {isa = PBXBuildFile; fileRef = F01407671A1BAB9C0036A69A /* AppDelegate.mm */; };
		F014076B1A1BAB9C0036A69A /* Elixir.xcdatamodeld in Sources */ = {isa = PBXBuildFile; fileRef = F01407691A1BAB9C0036A69A /* Elixir.xcdatamodeld */; };
		F014076E1A1BAB9C0036A69A /* HomeController.m in Sources */ = {isa = PBXBuildFile; fileRef = F014076D1A1BAB9C0036A69A /* HomeController.m */; };
		F01407711A1BAB9C0036A69A /* Main.storyboard in Resources */ = {isa = PBXBuildFile; fileRef = F014076F1A1BAB9C0036A69A /* Main.storyboard */; };
		F01407731A1BAB9C0036A69A /* Images.xcassets in Resources */ = {isa = PBXBuildFile; fileRef = F01407721A1BAB9C0036A69A /* Images.xcassets */; };
		F01407761A1BAB9C0036A69A /* LaunchScreen.xib in Resources */ = {isa = PBXBuildFile; fileRef = F01407741A1BAB9C0036A69A /* LaunchScreen.xib */; };
		F01407821A1BAB9C0036A69A /* ElixirTests.m in Sources */ = {isa = PBXBuildFile; fileRef = F01407811A1BAB9C0036A69A /* ElixirTests.m */; };
		F09306931A1D009D00071C68 /* Dote.mm in Sources */ = {isa = PBXBuildFile; fileRef = F09306921A1D009D00071C68 /* Dote.mm */; };
		F0A1F28F1A1E8D0B00AC5379 /* Acetylcysteine.cpp in Sources */ = {isa = PBXBuildFile; fileRef = F0A1F26B1A1E8D0B00AC5379 /* Acetylcysteine.cpp */; };
		F0A1F2901A1E8D0B00AC5379 /* Antidote.cpp in Sources */ = {isa = PBXBuildFile; fileRef = F0A1F26D1A1E8D0B00AC5379 /* Antidote.cpp */; };
		F0A1F2911A1E8D0B00AC5379 /* Atropine.cpp in Sources */ = {isa = PBXBuildFile; fileRef = F0A1F26F1A1E8D0B00AC5379 /* Atropine.cpp */; };
		F0A1F2921A1E8D0B00AC5379 /* BabyBIG.cpp in Sources */ = {isa = PBXBuildFile; fileRef = F0A1F2711A1E8D0B00AC5379 /* BabyBIG.cpp */; };
		F0A1F2931A1E8D0B00AC5379 /* BATbotulism.cpp in Sources */ = {isa = PBXBuildFile; fileRef = F0A1F2731A1E8D0B00AC5379 /* BATbotulism.cpp */; };
		F0A1F2941A1E8D0B00AC5379 /* BlackWidow.cpp in Sources */ = {isa = PBXBuildFile; fileRef = F0A1F2751A1E8D0B00AC5379 /* BlackWidow.cpp */; };
		F0A1F2951A1E8D0B00AC5379 /* CaChloride.cpp in Sources */ = {isa = PBXBuildFile; fileRef = F0A1F2771A1E8D0B00AC5379 /* CaChloride.cpp */; };
		F0A1F2961A1E8D0B00AC5379 /* CaDTPA.cpp in Sources */ = {isa = PBXBuildFile; fileRef = F0A1F2791A1E8D0B00AC5379 /* CaDTPA.cpp */; };
		F0A1F2971A1E8D0B00AC5379 /* CoralSnake.cpp in Sources */ = {isa = PBXBuildFile; fileRef = F0A1F27B1A1E8D0B00AC5379 /* CoralSnake.cpp */; };
		F0A1F2981A1E8D0B00AC5379 /* CrotalidaeOvine.cpp in Sources */ = {isa = PBXBuildFile; fileRef = F0A1F27D1A1E8D0B00AC5379 /* CrotalidaeOvine.cpp */; };
		F0A1F2991A1E8D0B00AC5379 /* CyanideToxicity.cpp in Sources */ = {isa = PBXBuildFile; fileRef = F0A1F27F1A1E8D0B00AC5379 /* CyanideToxicity.cpp */; };
		F0A1F29A1A1E8D0B00AC5379 /* Deferoxamine.cpp in Sources */ = {isa = PBXBuildFile; fileRef = F0A1F2811A1E8D0B00AC5379 /* Deferoxamine.cpp */; };
		F0A1F29B1A1E8D0B00AC5379 /* dictionary.txt in Resources */ = {isa = PBXBuildFile; fileRef = F0A1F2831A1E8D0B00AC5379 /* dictionary.txt */; };
		F0A1F29C1A1E8D0B00AC5379 /* DigiFab.cpp in Sources */ = {isa = PBXBuildFile; fileRef = F0A1F2841A1E8D0B00AC5379 /* DigiFab.cpp */; };
		F0A1F29D1A1E8D0B00AC5379 /* Dimercap.cpp in Sources */ = {isa = PBXBuildFile; fileRef = F0A1F2861A1E8D0B00AC5379 /* Dimercap.cpp */; };
		F0A1F29E1A1E8D0B00AC5379 /* EdtaDimercaprol.cpp in Sources */ = {isa = PBXBuildFile; fileRef = F0A1F2881A1E8D0B00AC5379 /* EdtaDimercaprol.cpp */; };
		F0A1F29F1A1E8D0B00AC5379 /* Etoh.cpp in Sources */ = {isa = PBXBuildFile; fileRef = F0A1F28A1A1E8D0B00AC5379 /* Etoh.cpp */; };
		F0A1F2A11A1E8D0B00AC5379 /* Question.cpp in Sources */ = {isa = PBXBuildFile; fileRef = F0A1F28D1A1E8D0B00AC5379 /* Question.cpp */; };
		F0A1F2A61A1EB25100AC5379 /* Person.m in Sources */ = {isa = PBXBuildFile; fileRef = F0A1F2A51A1EB25100AC5379 /* Person.m */; };
		F0A1F2AC1A1ED91900AC5379 /* DrugsTableViewController.mm in Sources */ = {isa = PBXBuildFile; fileRef = F0A1F2AB1A1ED91900AC5379 /* DrugsTableViewController.mm */; };
		F0A1F2AF1A1EF5BF00AC5379 /* EnterParametersTableViewController.m in Sources */ = {isa = PBXBuildFile; fileRef = F0A1F2AE1A1EF5BF00AC5379 /* EnterParametersTableViewController.m */; };
		F0C96C141A1C579700142684 /* QuestionViewController.mm in Sources */ = {isa = PBXBuildFile; fileRef = F0C96C131A1C579700142684 /* QuestionViewController.mm */; };
/* End PBXBuildFile section */

/* Begin PBXContainerItemProxy section */
		F014077C1A1BAB9C0036A69A /* PBXContainerItemProxy */ = {
			isa = PBXContainerItemProxy;
			containerPortal = F01407571A1BAB9C0036A69A /* Project object */;
			proxyType = 1;
			remoteGlobalIDString = F014075E1A1BAB9C0036A69A;
			remoteInfo = Elixir;
		};
/* End PBXContainerItemProxy section */

/* Begin PBXFileReference section */
		F014075F1A1BAB9C0036A69A /* Elixir.app */ = {isa = PBXFileReference; explicitFileType = wrapper.application; includeInIndex = 0; path = Elixir.app; sourceTree = BUILT_PRODUCTS_DIR; };
		F01407631A1BAB9C0036A69A /* Info.plist */ = {isa = PBXFileReference; lastKnownFileType = text.plist.xml; path = Info.plist; sourceTree = "<group>"; };
		F01407641A1BAB9C0036A69A /* main.m */ = {isa = PBXFileReference; lastKnownFileType = sourcecode.c.objc; path = main.m; sourceTree = "<group>"; };
		F01407661A1BAB9C0036A69A /* AppDelegate.h */ = {isa = PBXFileReference; lastKnownFileType = sourcecode.c.h; path = AppDelegate.h; sourceTree = "<group>"; };
		F01407671A1BAB9C0036A69A /* AppDelegate.mm */ = {isa = PBXFileReference; lastKnownFileType = sourcecode.cpp.objcpp; path = AppDelegate.mm; sourceTree = "<group>"; };
		F014076A1A1BAB9C0036A69A /* Elixir.xcdatamodel */ = {isa = PBXFileReference; lastKnownFileType = wrapper.xcdatamodel; path = Elixir.xcdatamodel; sourceTree = "<group>"; };
		F014076C1A1BAB9C0036A69A /* HomeController.h */ = {isa = PBXFileReference; lastKnownFileType = sourcecode.c.h; path = HomeController.h; sourceTree = "<group>"; };
		F014076D1A1BAB9C0036A69A /* HomeController.m */ = {isa = PBXFileReference; lastKnownFileType = sourcecode.c.objc; path = HomeController.m; sourceTree = "<group>"; };
		F01407701A1BAB9C0036A69A /* Base */ = {isa = PBXFileReference; lastKnownFileType = file.storyboard; name = Base; path = Base.lproj/Main.storyboard; sourceTree = "<group>"; };
		F01407721A1BAB9C0036A69A /* Images.xcassets */ = {isa = PBXFileReference; lastKnownFileType = folder.assetcatalog; path = Images.xcassets; sourceTree = "<group>"; };
		F01407751A1BAB9C0036A69A /* Base */ = {isa = PBXFileReference; lastKnownFileType = file.xib; name = Base; path = Base.lproj/LaunchScreen.xib; sourceTree = "<group>"; };
		F014077B1A1BAB9C0036A69A /* ElixirTests.xctest */ = {isa = PBXFileReference; explicitFileType = wrapper.cfbundle; includeInIndex = 0; path = ElixirTests.xctest; sourceTree = BUILT_PRODUCTS_DIR; };
		F01407801A1BAB9C0036A69A /* Info.plist */ = {isa = PBXFileReference; lastKnownFileType = text.plist.xml; path = Info.plist; sourceTree = "<group>"; };
		F01407811A1BAB9C0036A69A /* ElixirTests.m */ = {isa = PBXFileReference; lastKnownFileType = sourcecode.c.objc; path = ElixirTests.m; sourceTree = "<group>"; };
		F09306911A1D009D00071C68 /* Dote.h */ = {isa = PBXFileReference; fileEncoding = 4; lastKnownFileType = sourcecode.c.h; path = Dote.h; sourceTree = "<group>"; };
		F09306921A1D009D00071C68 /* Dote.mm */ = {isa = PBXFileReference; fileEncoding = 4; lastKnownFileType = sourcecode.cpp.objcpp; path = Dote.mm; sourceTree = "<group>"; };
		F0A1F26B1A1E8D0B00AC5379 /* Acetylcysteine.cpp */ = {isa = PBXFileReference; fileEncoding = 4; lastKnownFileType = sourcecode.cpp.cpp; path = Acetylcysteine.cpp; sourceTree = "<group>"; };
		F0A1F26C1A1E8D0B00AC5379 /* Acetylcysteine.h */ = {isa = PBXFileReference; fileEncoding = 4; lastKnownFileType = sourcecode.c.h; path = Acetylcysteine.h; sourceTree = "<group>"; };
		F0A1F26D1A1E8D0B00AC5379 /* Antidote.cpp */ = {isa = PBXFileReference; fileEncoding = 4; lastKnownFileType = sourcecode.cpp.cpp; path = Antidote.cpp; sourceTree = "<group>"; };
		F0A1F26E1A1E8D0B00AC5379 /* Antidote.h */ = {isa = PBXFileReference; fileEncoding = 4; lastKnownFileType = sourcecode.c.h; path = Antidote.h; sourceTree = "<group>"; };
		F0A1F26F1A1E8D0B00AC5379 /* Atropine.cpp */ = {isa = PBXFileReference; fileEncoding = 4; lastKnownFileType = sourcecode.cpp.cpp; path = Atropine.cpp; sourceTree = "<group>"; };
		F0A1F2701A1E8D0B00AC5379 /* Atropine.h */ = {isa = PBXFileReference; fileEncoding = 4; lastKnownFileType = sourcecode.c.h; path = Atropine.h; sourceTree = "<group>"; };
		F0A1F2711A1E8D0B00AC5379 /* BabyBIG.cpp */ = {isa = PBXFileReference; fileEncoding = 4; lastKnownFileType = sourcecode.cpp.cpp; path = BabyBIG.cpp; sourceTree = "<group>"; };
		F0A1F2721A1E8D0B00AC5379 /* BabyBIG.h */ = {isa = PBXFileReference; fileEncoding = 4; lastKnownFileType = sourcecode.c.h; path = BabyBIG.h; sourceTree = "<group>"; };
		F0A1F2731A1E8D0B00AC5379 /* BATbotulism.cpp */ = {isa = PBXFileReference; fileEncoding = 4; lastKnownFileType = sourcecode.cpp.cpp; path = BATbotulism.cpp; sourceTree = "<group>"; };
		F0A1F2741A1E8D0B00AC5379 /* BATbotulism.h */ = {isa = PBXFileReference; fileEncoding = 4; lastKnownFileType = sourcecode.c.h; path = BATbotulism.h; sourceTree = "<group>"; };
		F0A1F2751A1E8D0B00AC5379 /* BlackWidow.cpp */ = {isa = PBXFileReference; fileEncoding = 4; lastKnownFileType = sourcecode.cpp.cpp; path = BlackWidow.cpp; sourceTree = "<group>"; };
		F0A1F2761A1E8D0B00AC5379 /* BlackWidow.h */ = {isa = PBXFileReference; fileEncoding = 4; lastKnownFileType = sourcecode.c.h; path = BlackWidow.h; sourceTree = "<group>"; };
		F0A1F2771A1E8D0B00AC5379 /* CaChloride.cpp */ = {isa = PBXFileReference; fileEncoding = 4; lastKnownFileType = sourcecode.cpp.cpp; path = CaChloride.cpp; sourceTree = "<group>"; };
		F0A1F2781A1E8D0B00AC5379 /* CaChloride.h */ = {isa = PBXFileReference; fileEncoding = 4; lastKnownFileType = sourcecode.c.h; path = CaChloride.h; sourceTree = "<group>"; };
		F0A1F2791A1E8D0B00AC5379 /* CaDTPA.cpp */ = {isa = PBXFileReference; fileEncoding = 4; lastKnownFileType = sourcecode.cpp.cpp; path = CaDTPA.cpp; sourceTree = "<group>"; };
		F0A1F27A1A1E8D0B00AC5379 /* CaDTPA.h */ = {isa = PBXFileReference; fileEncoding = 4; lastKnownFileType = sourcecode.c.h; path = CaDTPA.h; sourceTree = "<group>"; };
		F0A1F27B1A1E8D0B00AC5379 /* CoralSnake.cpp */ = {isa = PBXFileReference; fileEncoding = 4; lastKnownFileType = sourcecode.cpp.cpp; path = CoralSnake.cpp; sourceTree = "<group>"; };
		F0A1F27C1A1E8D0B00AC5379 /* CoralSnake.h */ = {isa = PBXFileReference; fileEncoding = 4; lastKnownFileType = sourcecode.c.h; path = CoralSnake.h; sourceTree = "<group>"; };
		F0A1F27D1A1E8D0B00AC5379 /* CrotalidaeOvine.cpp */ = {isa = PBXFileReference; fileEncoding = 4; lastKnownFileType = sourcecode.cpp.cpp; path = CrotalidaeOvine.cpp; sourceTree = "<group>"; };
		F0A1F27E1A1E8D0B00AC5379 /* CrotalidaeOvine.h */ = {isa = PBXFileReference; fileEncoding = 4; lastKnownFileType = sourcecode.c.h; path = CrotalidaeOvine.h; sourceTree = "<group>"; };
		F0A1F27F1A1E8D0B00AC5379 /* CyanideToxicity.cpp */ = {isa = PBXFileReference; fileEncoding = 4; lastKnownFileType = sourcecode.cpp.cpp; path = CyanideToxicity.cpp; sourceTree = "<group>"; };
		F0A1F2801A1E8D0B00AC5379 /* CyanideToxicity.h */ = {isa = PBXFileReference; fileEncoding = 4; lastKnownFileType = sourcecode.c.h; path = CyanideToxicity.h; sourceTree = "<group>"; };
		F0A1F2811A1E8D0B00AC5379 /* Deferoxamine.cpp */ = {isa = PBXFileReference; fileEncoding = 4; lastKnownFileType = sourcecode.cpp.cpp; path = Deferoxamine.cpp; sourceTree = "<group>"; };
		F0A1F2821A1E8D0B00AC5379 /* Deferoxamine.h */ = {isa = PBXFileReference; fileEncoding = 4; lastKnownFileType = sourcecode.c.h; path = Deferoxamine.h; sourceTree = "<group>"; };
		F0A1F2831A1E8D0B00AC5379 /* dictionary.txt */ = {isa = PBXFileReference; fileEncoding = 4; lastKnownFileType = text; path = dictionary.txt; sourceTree = "<group>"; };
		F0A1F2841A1E8D0B00AC5379 /* DigiFab.cpp */ = {isa = PBXFileReference; fileEncoding = 4; lastKnownFileType = sourcecode.cpp.cpp; path = DigiFab.cpp; sourceTree = "<group>"; };
		F0A1F2851A1E8D0B00AC5379 /* DigiFab.h */ = {isa = PBXFileReference; fileEncoding = 4; lastKnownFileType = sourcecode.c.h; path = DigiFab.h; sourceTree = "<group>"; };
		F0A1F2861A1E8D0B00AC5379 /* Dimercap.cpp */ = {isa = PBXFileReference; fileEncoding = 4; lastKnownFileType = sourcecode.cpp.cpp; path = Dimercap.cpp; sourceTree = "<group>"; };
		F0A1F2871A1E8D0B00AC5379 /* Dimercap.h */ = {isa = PBXFileReference; fileEncoding = 4; lastKnownFileType = sourcecode.c.h; path = Dimercap.h; sourceTree = "<group>"; };
		F0A1F2881A1E8D0B00AC5379 /* EdtaDimercaprol.cpp */ = {isa = PBXFileReference; fileEncoding = 4; lastKnownFileType = sourcecode.cpp.cpp; path = EdtaDimercaprol.cpp; sourceTree = "<group>"; };
		F0A1F2891A1E8D0B00AC5379 /* EdtaDimercaprol.h */ = {isa = PBXFileReference; fileEncoding = 4; lastKnownFileType = sourcecode.c.h; path = EdtaDimercaprol.h; sourceTree = "<group>"; };
		F0A1F28A1A1E8D0B00AC5379 /* Etoh.cpp */ = {isa = PBXFileReference; fileEncoding = 4; lastKnownFileType = sourcecode.cpp.cpp; path = Etoh.cpp; sourceTree = "<group>"; };
		F0A1F28B1A1E8D0B00AC5379 /* Etoh.h */ = {isa = PBXFileReference; fileEncoding = 4; lastKnownFileType = sourcecode.c.h; path = Etoh.h; sourceTree = "<group>"; };
		F0A1F28C1A1E8D0B00AC5379 /* main.cpp */ = {isa = PBXFileReference; fileEncoding = 4; lastKnownFileType = sourcecode.cpp.cpp; path = main.cpp; sourceTree = "<group>"; };
		F0A1F28D1A1E8D0B00AC5379 /* Question.cpp */ = {isa = PBXFileReference; fileEncoding = 4; lastKnownFileType = sourcecode.cpp.cpp; path = Question.cpp; sourceTree = "<group>"; };
		F0A1F28E1A1E8D0B00AC5379 /* Question.h */ = {isa = PBXFileReference; fileEncoding = 4; lastKnownFileType = sourcecode.c.h; path = Question.h; sourceTree = "<group>"; };
		F0A1F2A41A1EB25100AC5379 /* Person.h */ = {isa = PBXFileReference; fileEncoding = 4; lastKnownFileType = sourcecode.c.h; path = Person.h; sourceTree = "<group>"; };
		F0A1F2A51A1EB25100AC5379 /* Person.m */ = {isa = PBXFileReference; fileEncoding = 4; lastKnownFileType = sourcecode.c.objc; path = Person.m; sourceTree = "<group>"; };
		F0A1F2AA1A1ED91900AC5379 /* DrugsTableViewController.h */ = {isa = PBXFileReference; fileEncoding = 4; lastKnownFileType = sourcecode.c.h; path = DrugsTableViewController.h; sourceTree = "<group>"; };
		F0A1F2AB1A1ED91900AC5379 /* DrugsTableViewController.mm */ = {isa = PBXFileReference; fileEncoding = 4; lastKnownFileType = sourcecode.cpp.objcpp; path = DrugsTableViewController.mm; sourceTree = "<group>"; };
		F0A1F2AD1A1EF5BF00AC5379 /* EnterParametersTableViewController.h */ = {isa = PBXFileReference; fileEncoding = 4; lastKnownFileType = sourcecode.c.h; path = EnterParametersTableViewController.h; sourceTree = "<group>"; };
		F0A1F2AE1A1EF5BF00AC5379 /* EnterParametersTableViewController.m */ = {isa = PBXFileReference; fileEncoding = 4; lastKnownFileType = sourcecode.c.objc; path = EnterParametersTableViewController.m; sourceTree = "<group>"; };
		F0C96C121A1C579700142684 /* QuestionViewController.h */ = {isa = PBXFileReference; fileEncoding = 4; lastKnownFileType = sourcecode.c.h; path = QuestionViewController.h; sourceTree = "<group>"; };
		F0C96C131A1C579700142684 /* QuestionViewController.mm */ = {isa = PBXFileReference; fileEncoding = 4; lastKnownFileType = sourcecode.cpp.objcpp; path = QuestionViewController.mm; sourceTree = "<group>"; };
/* End PBXFileReference section */

/* Begin PBXFrameworksBuildPhase section */
		F014075C1A1BAB9C0036A69A /* Frameworks */ = {
			isa = PBXFrameworksBuildPhase;
			buildActionMask = 2147483647;
			files = (
			);
			runOnlyForDeploymentPostprocessing = 0;
		};
		F01407781A1BAB9C0036A69A /* Frameworks */ = {
			isa = PBXFrameworksBuildPhase;
			buildActionMask = 2147483647;
			files = (
			);
			runOnlyForDeploymentPostprocessing = 0;
		};
/* End PBXFrameworksBuildPhase section */

/* Begin PBXGroup section */
		F01407561A1BAB9C0036A69A = {
			isa = PBXGroup;
			children = (
				F01407611A1BAB9C0036A69A /* Elixir */,
				F014077E1A1BAB9C0036A69A /* ElixirTests */,
				F01407601A1BAB9C0036A69A /* Products */,
			);
			sourceTree = "<group>";
		};
		F01407601A1BAB9C0036A69A /* Products */ = {
			isa = PBXGroup;
			children = (
				F014075F1A1BAB9C0036A69A /* Elixir.app */,
				F014077B1A1BAB9C0036A69A /* ElixirTests.xctest */,
			);
			name = Products;
			sourceTree = "<group>";
		};
		F01407611A1BAB9C0036A69A /* Elixir */ = {
			isa = PBXGroup;
			children = (
				F0A1F2A31A1EB21E00AC5379 /* Controllers */,
				F0A1F26A1A1E8D0B00AC5379 /* libs */,
				F014076F1A1BAB9C0036A69A /* Main.storyboard */,
				F01407721A1BAB9C0036A69A /* Images.xcassets */,
				F01407741A1BAB9C0036A69A /* LaunchScreen.xib */,
				F01407691A1BAB9C0036A69A /* Elixir.xcdatamodeld */,
				F01407621A1BAB9C0036A69A /* Supporting Files */,
				F09306911A1D009D00071C68 /* Dote.h */,
				F09306921A1D009D00071C68 /* Dote.mm */,
				F0A1F2A41A1EB25100AC5379 /* Person.h */,
				F0A1F2A51A1EB25100AC5379 /* Person.m */,
			);
			path = Elixir;
			sourceTree = "<group>";
		};
		F01407621A1BAB9C0036A69A /* Supporting Files */ = {
			isa = PBXGroup;
			children = (
				F01407631A1BAB9C0036A69A /* Info.plist */,
				F01407641A1BAB9C0036A69A /* main.m */,
			);
			name = "Supporting Files";
			sourceTree = "<group>";
		};
		F014077E1A1BAB9C0036A69A /* ElixirTests */ = {
			isa = PBXGroup;
			children = (
				F01407811A1BAB9C0036A69A /* ElixirTests.m */,
				F014077F1A1BAB9C0036A69A /* Supporting Files */,
			);
			path = ElixirTests;
			sourceTree = "<group>";
		};
		F014077F1A1BAB9C0036A69A /* Supporting Files */ = {
			isa = PBXGroup;
			children = (
				F01407801A1BAB9C0036A69A /* Info.plist */,
			);
			name = "Supporting Files";
			sourceTree = "<group>";
		};
		F0A1F26A1A1E8D0B00AC5379 /* libs */ = {
			isa = PBXGroup;
			children = (
				F0A1F26B1A1E8D0B00AC5379 /* Acetylcysteine.cpp */,
				F0A1F26C1A1E8D0B00AC5379 /* Acetylcysteine.h */,
				F0A1F26D1A1E8D0B00AC5379 /* Antidote.cpp */,
				F0A1F26E1A1E8D0B00AC5379 /* Antidote.h */,
				F0A1F26F1A1E8D0B00AC5379 /* Atropine.cpp */,
				F0A1F2701A1E8D0B00AC5379 /* Atropine.h */,
				F0A1F2711A1E8D0B00AC5379 /* BabyBIG.cpp */,
				F0A1F2721A1E8D0B00AC5379 /* BabyBIG.h */,
				F0A1F2731A1E8D0B00AC5379 /* BATbotulism.cpp */,
				F0A1F2741A1E8D0B00AC5379 /* BATbotulism.h */,
				F0A1F2751A1E8D0B00AC5379 /* BlackWidow.cpp */,
				F0A1F2761A1E8D0B00AC5379 /* BlackWidow.h */,
				F0A1F2771A1E8D0B00AC5379 /* CaChloride.cpp */,
				F0A1F2781A1E8D0B00AC5379 /* CaChloride.h */,
				F0A1F2791A1E8D0B00AC5379 /* CaDTPA.cpp */,
				F0A1F27A1A1E8D0B00AC5379 /* CaDTPA.h */,
				F0A1F27B1A1E8D0B00AC5379 /* CoralSnake.cpp */,
				F0A1F27C1A1E8D0B00AC5379 /* CoralSnake.h */,
				F0A1F27D1A1E8D0B00AC5379 /* CrotalidaeOvine.cpp */,
				F0A1F27E1A1E8D0B00AC5379 /* CrotalidaeOvine.h */,
				F0A1F27F1A1E8D0B00AC5379 /* CyanideToxicity.cpp */,
				F0A1F2801A1E8D0B00AC5379 /* CyanideToxicity.h */,
				F0A1F2811A1E8D0B00AC5379 /* Deferoxamine.cpp */,
				F0A1F2821A1E8D0B00AC5379 /* Deferoxamine.h */,
				F0A1F2831A1E8D0B00AC5379 /* dictionary.txt */,
				F0A1F2841A1E8D0B00AC5379 /* DigiFab.cpp */,
				F0A1F2851A1E8D0B00AC5379 /* DigiFab.h */,
				F0A1F2861A1E8D0B00AC5379 /* Dimercap.cpp */,
				F0A1F2871A1E8D0B00AC5379 /* Dimercap.h */,
				F0A1F2881A1E8D0B00AC5379 /* EdtaDimercaprol.cpp */,
				F0A1F2891A1E8D0B00AC5379 /* EdtaDimercaprol.h */,
				F0A1F28A1A1E8D0B00AC5379 /* Etoh.cpp */,
				F0A1F28B1A1E8D0B00AC5379 /* Etoh.h */,
				F0A1F28C1A1E8D0B00AC5379 /* main.cpp */,
				F0A1F28D1A1E8D0B00AC5379 /* Question.cpp */,
				F0A1F28E1A1E8D0B00AC5379 /* Question.h */,
			);
			path = libs;
			sourceTree = "<group>";
		};
		F0A1F2A31A1EB21E00AC5379 /* Controllers */ = {
			isa = PBXGroup;
			children = (
				F01407661A1BAB9C0036A69A /* AppDelegate.h */,
				F01407671A1BAB9C0036A69A /* AppDelegate.mm */,
				F014076C1A1BAB9C0036A69A /* HomeController.h */,
				F014076D1A1BAB9C0036A69A /* HomeController.m */,
				F0C96C121A1C579700142684 /* QuestionViewController.h */,
				F0C96C131A1C579700142684 /* QuestionViewController.mm */,
				F0A1F2AA1A1ED91900AC5379 /* DrugsTableViewController.h */,
				F0A1F2AB1A1ED91900AC5379 /* DrugsTableViewController.mm */,
				F0A1F2AD1A1EF5BF00AC5379 /* EnterParametersTableViewController.h */,
				F0A1F2AE1A1EF5BF00AC5379 /* EnterParametersTableViewController.m */,
			);
			name = Controllers;
			sourceTree = "<group>";
		};
/* End PBXGroup section */

/* Begin PBXNativeTarget section */
		F014075E1A1BAB9C0036A69A /* Elixir */ = {
			isa = PBXNativeTarget;
			buildConfigurationList = F01407851A1BAB9C0036A69A /* Build configuration list for PBXNativeTarget "Elixir" */;
			buildPhases = (
				F014075B1A1BAB9C0036A69A /* Sources */,
				F014075C1A1BAB9C0036A69A /* Frameworks */,
				F014075D1A1BAB9C0036A69A /* Resources */,
			);
			buildRules = (
			);
			dependencies = (
			);
			name = Elixir;
			productName = Elixir;
			productReference = F014075F1A1BAB9C0036A69A /* Elixir.app */;
			productType = "com.apple.product-type.application";
		};
		F014077A1A1BAB9C0036A69A /* ElixirTests */ = {
			isa = PBXNativeTarget;
			buildConfigurationList = F01407881A1BAB9C0036A69A /* Build configuration list for PBXNativeTarget "ElixirTests" */;
			buildPhases = (
				F01407771A1BAB9C0036A69A /* Sources */,
				F01407781A1BAB9C0036A69A /* Frameworks */,
				F01407791A1BAB9C0036A69A /* Resources */,
			);
			buildRules = (
			);
			dependencies = (
				F014077D1A1BAB9C0036A69A /* PBXTargetDependency */,
			);
			name = ElixirTests;
			productName = ElixirTests;
			productReference = F014077B1A1BAB9C0036A69A /* ElixirTests.xctest */;
			productType = "com.apple.product-type.bundle.unit-test";
		};
/* End PBXNativeTarget section */

/* Begin PBXProject section */
		F01407571A1BAB9C0036A69A /* Project object */ = {
			isa = PBXProject;
			attributes = {
				LastUpgradeCheck = 0610;
				ORGANIZATIONNAME = jasonl.biz;
				TargetAttributes = {
					F014075E1A1BAB9C0036A69A = {
						CreatedOnToolsVersion = 6.1;
					};
					F014077A1A1BAB9C0036A69A = {
						CreatedOnToolsVersion = 6.1;
						TestTargetID = F014075E1A1BAB9C0036A69A;
					};
				};
			};
			buildConfigurationList = F014075A1A1BAB9C0036A69A /* Build configuration list for PBXProject "Elixir" */;
			compatibilityVersion = "Xcode 3.2";
			developmentRegion = English;
			hasScannedForEncodings = 0;
			knownRegions = (
				en,
				Base,
			);
			mainGroup = F01407561A1BAB9C0036A69A;
			productRefGroup = F01407601A1BAB9C0036A69A /* Products */;
			projectDirPath = "";
			projectRoot = "";
			targets = (
				F014075E1A1BAB9C0036A69A /* Elixir */,
				F014077A1A1BAB9C0036A69A /* ElixirTests */,
			);
		};
/* End PBXProject section */

/* Begin PBXResourcesBuildPhase section */
		F014075D1A1BAB9C0036A69A /* Resources */ = {
			isa = PBXResourcesBuildPhase;
			buildActionMask = 2147483647;
			files = (
				F01407711A1BAB9C0036A69A /* Main.storyboard in Resources */,
				F01407761A1BAB9C0036A69A /* LaunchScreen.xib in Resources */,
				F0A1F29B1A1E8D0B00AC5379 /* dictionary.txt in Resources */,
				F01407731A1BAB9C0036A69A /* Images.xcassets in Resources */,
			);
			runOnlyForDeploymentPostprocessing = 0;
		};
		F01407791A1BAB9C0036A69A /* Resources */ = {
			isa = PBXResourcesBuildPhase;
			buildActionMask = 2147483647;
			files = (
			);
			runOnlyForDeploymentPostprocessing = 0;
		};
/* End PBXResourcesBuildPhase section */

/* Begin PBXSourcesBuildPhase section */
		F014075B1A1BAB9C0036A69A /* Sources */ = {
			isa = PBXSourcesBuildPhase;
			buildActionMask = 2147483647;
			files = (
				F0C96C141A1C579700142684 /* QuestionViewController.mm in Sources */,
				F0A1F2911A1E8D0B00AC5379 /* Atropine.cpp in Sources */,
				F0A1F2971A1E8D0B00AC5379 /* CoralSnake.cpp in Sources */,
				F0A1F2901A1E8D0B00AC5379 /* Antidote.cpp in Sources */,
				F0A1F28F1A1E8D0B00AC5379 /* Acetylcysteine.cpp in Sources */,
				F0A1F2921A1E8D0B00AC5379 /* BabyBIG.cpp in Sources */,
				F0A1F2961A1E8D0B00AC5379 /* CaDTPA.cpp in Sources */,
				F0A1F2951A1E8D0B00AC5379 /* CaChloride.cpp in Sources */,
				F0A1F2941A1E8D0B00AC5379 /* BlackWidow.cpp in Sources */,
				F0A1F2AC1A1ED91900AC5379 /* DrugsTableViewController.mm in Sources */,
				F0A1F2AF1A1EF5BF00AC5379 /* EnterParametersTableViewController.m in Sources */,
				F01407681A1BAB9C0036A69A /* AppDelegate.mm in Sources */,
				F014076B1A1BAB9C0036A69A /* Elixir.xcdatamodeld in Sources */,
				F014076E1A1BAB9C0036A69A /* HomeController.m in Sources */,
				F0A1F2A11A1E8D0B00AC5379 /* Question.cpp in Sources */,
				F0A1F29F1A1E8D0B00AC5379 /* Etoh.cpp in Sources */,
				F09306931A1D009D00071C68 /* Dote.mm in Sources */,
				F01407651A1BAB9C0036A69A /* main.m in Sources */,
				F0A1F2991A1E8D0B00AC5379 /* CyanideToxicity.cpp in Sources */,
				F0A1F2931A1E8D0B00AC5379 /* BATbotulism.cpp in Sources */,
				F0A1F2A61A1EB25100AC5379 /* Person.m in Sources */,
				F0A1F29E1A1E8D0B00AC5379 /* EdtaDimercaprol.cpp in Sources */,
				F0A1F2981A1E8D0B00AC5379 /* CrotalidaeOvine.cpp in Sources */,
				F0A1F29D1A1E8D0B00AC5379 /* Dimercap.cpp in Sources */,
				F0A1F29C1A1E8D0B00AC5379 /* DigiFab.cpp in Sources */,
				F0A1F29A1A1E8D0B00AC5379 /* Deferoxamine.cpp in Sources */,
			);
			runOnlyForDeploymentPostprocessing = 0;
		};
		F01407771A1BAB9C0036A69A /* Sources */ = {
			isa = PBXSourcesBuildPhase;
			buildActionMask = 2147483647;
			files = (
				F01407821A1BAB9C0036A69A /* ElixirTests.m in Sources */,
			);
			runOnlyForDeploymentPostprocessing = 0;
		};
/* End PBXSourcesBuildPhase section */

/* Begin PBXTargetDependency section */
		F014077D1A1BAB9C0036A69A /* PBXTargetDependency */ = {
			isa = PBXTargetDependency;
			target = F014075E1A1BAB9C0036A69A /* Elixir */;
			targetProxy = F014077C1A1BAB9C0036A69A /* PBXContainerItemProxy */;
		};
/* End PBXTargetDependency section */

/* Begin PBXVariantGroup section */
		F014076F1A1BAB9C0036A69A /* Main.storyboard */ = {
			isa = PBXVariantGroup;
			children = (
				F01407701A1BAB9C0036A69A /* Base */,
			);
			name = Main.storyboard;
			sourceTree = "<group>";
		};
		F01407741A1BAB9C0036A69A /* LaunchScreen.xib */ = {
			isa = PBXVariantGroup;
			children = (
				F01407751A1BAB9C0036A69A /* Base */,
			);
			name = LaunchScreen.xib;
			sourceTree = "<group>";
		};
/* End PBXVariantGroup section */

/* Begin XCBuildConfiguration section */
		F01407831A1BAB9C0036A69A /* Debug */ = {
			isa = XCBuildConfiguration;
			buildSettings = {
				ALWAYS_SEARCH_USER_PATHS = NO;
				CLANG_CXX_LANGUAGE_STANDARD = "gnu++0x";
				CLANG_CXX_LIBRARY = "libc++";
				CLANG_ENABLE_MODULES = YES;
				CLANG_ENABLE_OBJC_ARC = YES;
				CLANG_WARN_BOOL_CONVERSION = YES;
				CLANG_WARN_CONSTANT_CONVERSION = YES;
				CLANG_WARN_DIRECT_OBJC_ISA_USAGE = YES_ERROR;
				CLANG_WARN_EMPTY_BODY = YES;
				CLANG_WARN_ENUM_CONVERSION = YES;
				CLANG_WARN_INT_CONVERSION = YES;
				CLANG_WARN_OBJC_ROOT_CLASS = YES_ERROR;
				CLANG_WARN_UNREACHABLE_CODE = YES;
				CLANG_WARN__DUPLICATE_METHOD_MATCH = YES;
				"CODE_SIGN_IDENTITY[sdk=iphoneos*]" = "iPhone Developer";
				COPY_PHASE_STRIP = NO;
				ENABLE_STRICT_OBJC_MSGSEND = YES;
				GCC_C_LANGUAGE_STANDARD = gnu99;
				GCC_DYNAMIC_NO_PIC = NO;
				GCC_OPTIMIZATION_LEVEL = 0;
				GCC_PREPROCESSOR_DEFINITIONS = (
					"DEBUG=1",
					"$(inherited)",
				);
				GCC_SYMBOLS_PRIVATE_EXTERN = NO;
				GCC_WARN_64_TO_32_BIT_CONVERSION = YES;
				GCC_WARN_ABOUT_RETURN_TYPE = YES_ERROR;
				GCC_WARN_UNDECLARED_SELECTOR = YES;
				GCC_WARN_UNINITIALIZED_AUTOS = YES_AGGRESSIVE;
				GCC_WARN_UNUSED_FUNCTION = YES;
				GCC_WARN_UNUSED_VARIABLE = YES;
				IPHONEOS_DEPLOYMENT_TARGET = 8.1;
				MTL_ENABLE_DEBUG_INFO = YES;
				ONLY_ACTIVE_ARCH = YES;
				SDKROOT = iphoneos;
			};
			name = Debug;
		};
		F01407841A1BAB9C0036A69A /* Release */ = {
			isa = XCBuildConfiguration;
			buildSettings = {
				ALWAYS_SEARCH_USER_PATHS = NO;
				CLANG_CXX_LANGUAGE_STANDARD = "gnu++0x";
				CLANG_CXX_LIBRARY = "libc++";
				CLANG_ENABLE_MODULES = YES;
				CLANG_ENABLE_OBJC_ARC = YES;
				CLANG_WARN_BOOL_CONVERSION = YES;
				CLANG_WARN_CONSTANT_CONVERSION = YES;
				CLANG_WARN_DIRECT_OBJC_ISA_USAGE = YES_ERROR;
				CLANG_WARN_EMPTY_BODY = YES;
				CLANG_WARN_ENUM_CONVERSION = YES;
				CLANG_WARN_INT_CONVERSION = YES;
				CLANG_WARN_OBJC_ROOT_CLASS = YES_ERROR;
				CLANG_WARN_UNREACHABLE_CODE = YES;
				CLANG_WARN__DUPLICATE_METHOD_MATCH = YES;
				"CODE_SIGN_IDENTITY[sdk=iphoneos*]" = "iPhone Developer";
				COPY_PHASE_STRIP = YES;
				ENABLE_NS_ASSERTIONS = NO;
				ENABLE_STRICT_OBJC_MSGSEND = YES;
				GCC_C_LANGUAGE_STANDARD = gnu99;
				GCC_WARN_64_TO_32_BIT_CONVERSION = YES;
				GCC_WARN_ABOUT_RETURN_TYPE = YES_ERROR;
				GCC_WARN_UNDECLARED_SELECTOR = YES;
				GCC_WARN_UNINITIALIZED_AUTOS = YES_AGGRESSIVE;
				GCC_WARN_UNUSED_FUNCTION = YES;
				GCC_WARN_UNUSED_VARIABLE = YES;
				IPHONEOS_DEPLOYMENT_TARGET = 8.1;
				MTL_ENABLE_DEBUG_INFO = NO;
				SDKROOT = iphoneos;
				VALIDATE_PRODUCT = YES;
			};
			name = Release;
		};
		F01407861A1BAB9C0036A69A /* Debug */ = {
			isa = XCBuildConfiguration;
			buildSettings = {
				ASSETCATALOG_COMPILER_APPICON_NAME = AppIcon;
				INFOPLIST_FILE = Elixir/Info.plist;
				LD_RUNPATH_SEARCH_PATHS = "$(inherited) @executable_path/Frameworks";
				PRODUCT_NAME = "$(TARGET_NAME)";
			};
			name = Debug;
		};
		F01407871A1BAB9C0036A69A /* Release */ = {
			isa = XCBuildConfiguration;
			buildSettings = {
				ASSETCATALOG_COMPILER_APPICON_NAME = AppIcon;
				INFOPLIST_FILE = Elixir/Info.plist;
				LD_RUNPATH_SEARCH_PATHS = "$(inherited) @executable_path/Frameworks";
				PRODUCT_NAME = "$(TARGET_NAME)";
			};
			name = Release;
		};
		F01407891A1BAB9C0036A69A /* Debug */ = {
			isa = XCBuildConfiguration;
			buildSettings = {
				BUNDLE_LOADER = "$(TEST_HOST)";
				FRAMEWORK_SEARCH_PATHS = (
					"$(SDKROOT)/Developer/Library/Frameworks",
					"$(inherited)",
				);
				GCC_PREPROCESSOR_DEFINITIONS = (
					"DEBUG=1",
					"$(inherited)",
				);
				INFOPLIST_FILE = ElixirTests/Info.plist;
				LD_RUNPATH_SEARCH_PATHS = "$(inherited) @executable_path/Frameworks @loader_path/Frameworks";
				PRODUCT_NAME = "$(TARGET_NAME)";
				TEST_HOST = "$(BUILT_PRODUCTS_DIR)/Elixir.app/Elixir";
			};
			name = Debug;
		};
		F014078A1A1BAB9C0036A69A /* Release */ = {
			isa = XCBuildConfiguration;
			buildSettings = {
				BUNDLE_LOADER = "$(TEST_HOST)";
				FRAMEWORK_SEARCH_PATHS = (
					"$(SDKROOT)/Developer/Library/Frameworks",
					"$(inherited)",
				);
				INFOPLIST_FILE = ElixirTests/Info.plist;
				LD_RUNPATH_SEARCH_PATHS = "$(inherited) @executable_path/Frameworks @loader_path/Frameworks";
				PRODUCT_NAME = "$(TARGET_NAME)";
				TEST_HOST = "$(BUILT_PRODUCTS_DIR)/Elixir.app/Elixir";
			};
			name = Release;
		};
/* End XCBuildConfiguration section */

/* Begin XCConfigurationList section */
		F014075A1A1BAB9C0036A69A /* Build configuration list for PBXProject "Elixir" */ = {
			isa = XCConfigurationList;
			buildConfigurations = (
				F01407831A1BAB9C0036A69A /* Debug */,
				F01407841A1BAB9C0036A69A /* Release */,
			);
			defaultConfigurationIsVisible = 0;
			defaultConfigurationName = Release;
		};
		F01407851A1BAB9C0036A69A /* Build configuration list for PBXNativeTarget "Elixir" */ = {
			isa = XCConfigurationList;
			buildConfigurations = (
				F01407861A1BAB9C0036A69A /* Debug */,
				F01407871A1BAB9C0036A69A /* Release */,
			);
			defaultConfigurationIsVisible = 0;
			defaultConfigurationName = Release;
		};
		F01407881A1BAB9C0036A69A /* Build configuration list for PBXNativeTarget "ElixirTests" */ = {
			isa = XCConfigurationList;
			buildConfigurations = (
				F01407891A1BAB9C0036A69A /* Debug */,
				F014078A1A1BAB9C0036A69A /* Release */,
			);
			defaultConfigurationIsVisible = 0;
			defaultConfigurationName = Release;
		};
/* End XCConfigurationList section */

/* Begin XCVersionGroup section */
		F01407691A1BAB9C0036A69A /* Elixir.xcdatamodeld */ = {
			isa = XCVersionGroup;
			children = (
				F014076A1A1BAB9C0036A69A /* Elixir.xcdatamodel */,
			);
			currentVersion = F014076A1A1BAB9C0036A69A /* Elixir.xcdatamodel */;
			path = Elixir.xcdatamodeld;
			sourceTree = "<group>";
			versionGroupType = wrapper.xcdatamodel;
		};
/* End XCVersionGroup section */
	};
	rootObject = F01407571A1BAB9C0036A69A /* Project object */;
}
